
Microsoft Visual Studio Solution File, Format Version 12.00
# Visual Studio Version 16
VisualStudioVersion = 16.0.29209.62
MinimumVisualStudioVersion = 10.0.40219.1
Project("{9A19103F-16F7-4668-BE54-9A1E7A4F7556}") = "EmptyCore", "EmptyCore.csproj", "{5EAD271A-2578-4E79-AE5E-BBD770CE441C}"
EndProject
Project("{9A19103F-16F7-4668-BE54-9A1E7A4F7556}") = "EmptyCore21", "..\EmptyCore21\EmptyCore21.csproj", "{195E65C7-0FD1-45A6-B908-1929F3FE7C0B}"
EndProject
Project("{FAE04EC0-301F-11D3-BF4B-00C04F79EFBC}") = "mvcSample", "..\mvcSample\mvcSample.csproj", "{77540BC8-1B37-42FB-B4B4-B287D5D8FE00}"
EndProject
Project("{FAE04EC0-301F-11D3-BF4B-00C04F79EFBC}") = "PageSmple", "..\PageSmple\PageSmple.csproj", "{C447BB58-E59E-44A8-A957-A1B9D7D62DA4}"
EndProject
Global
	GlobalSection(SolutionConfigurationPlatforms) = preSolution
		Debug|Any CPU = Debug|Any CPU
		Release|Any CPU = Release|Any CPU
	EndGlobalSection
	GlobalSection(ProjectConfigurationPlatforms) = postSolution
		{5EAD271A-2578-4E79-AE5E-BBD770CE441C}.Debug|Any CPU.ActiveCfg = Debug|Any CPU
		{5EAD271A-2578-4E79-AE5E-BBD770CE441C}.Debug|Any CPU.Build.0 = Debug|Any CPU
		{5EAD271A-2578-4E79-AE5E-BBD770CE441C}.Release|Any CPU.ActiveCfg = Release|Any CPU
		{5EAD271A-2578-4E79-AE5E-BBD770CE441C}.Release|Any CPU.Build.0 = Release|Any CPU
		{195E65C7-0FD1-45A6-B908-1929F3FE7C0B}.Debug|Any CPU.ActiveCfg = Debug|Any CPU
		{195E65C7-0FD1-45A6-B908-1929F3FE7C0B}.Debug|Any CPU.Build.0 = Debug|Any CPU
		{195E65C7-0FD1-45A6-B908-1929F3FE7C0B}.Release|Any CPU.ActiveCfg = Release|Any CPU
		{195E65C7-0FD1-45A6-B908-1929F3FE7C0B}.Release|Any CPU.Build.0 = Release|Any CPU
		{77540BC8-1B37-42FB-B4B4-B287D5D8FE00}.Debug|Any CPU.ActiveCfg = Debug|Any CPU
		{77540BC8-1B37-42FB-B4B4-B287D5D8FE00}.Debug|Any CPU.Build.0 = Debug|Any CPU
		{77540BC8-1B37-42FB-B4B4-B287D5D8FE00}.Release|Any CPU.ActiveCfg = Release|Any CPU
		{77540BC8-1B37-42FB-B4B4-B287D5D8FE00}.Release|Any CPU.Build.0 = Release|Any CPU
		{C447BB58-E59E-44A8-A957-A1B9D7D62DA4}.Debug|Any CPU.ActiveCfg = Debug|Any CPU
		{C447BB58-E59E-44A8-A957-A1B9D7D62DA4}.Debug|Any CPU.Build.0 = Debug|Any CPU
		{C447BB58-E59E-44A8-A957-A1B9D7D62DA4}.Release|Any CPU.ActiveCfg = Release|Any CPU
		{C447BB58-E59E-44A8-A957-A1B9D7D62DA4}.Release|Any CPU.Build.0 = Release|Any CPU
	EndGlobalSection
	GlobalSection(SolutionProperties) = preSolution
		HideSolutionNode = FALSE
	EndGlobalSection
	GlobalSection(ExtensibilityGlobals) = postSolution
		SolutionGuid = {BCC4A041-71B1-4C14-9001-6DB8A334F7DD}
	EndGlobalSection
EndGlobal
